
Microsoft Visual Studio Solution File, Format Version 12.00
# Visual Studio Version 16
VisualStudioVersion = 16.0.31624.102
MinimumVisualStudioVersion = 10.0.40219.1
Project("{FAE04EC0-301F-11D3-BF4B-00C04F79EFBC}") = "OneLinePlugin", "OneLinePlugin\OneLinePlugin.csproj", "{FD61BCA3-9731-4F0C-9C38-6A3C60A6C03A}"
EndProject
Global
	GlobalSection(SolutionConfigurationPlatforms) = preSolution
		Debug|Any CPU = Debug|Any CPU
		Release|Any CPU = Release|Any CPU
	EndGlobalSection
	GlobalSection(ProjectConfigurationPlatforms) = postSolution
		{FD61BCA3-9731-4F0C-9C38-6A3C60A6C03A}.Debug|Any CPU.ActiveCfg = Debug|Any CPU
		{FD61BCA3-9731-4F0C-9C38-6A3C60A6C03A}.Debug|Any CPU.Build.0 = Debug|Any CPU
		{FD61BCA3-9731-4F0C-9C38-6A3C60A6C03A}.Release|Any CPU.ActiveCfg = Release|Any CPU
		{FD61BCA3-9731-4F0C-9C38-6A3C60A6C03A}.Release|Any CPU.Build.0 = Release|Any CPU
	EndGlobalSection
	GlobalSection(SolutionProperties) = preSolution
		HideSolutionNode = FALSE
	EndGlobalSection
	GlobalSection(ExtensibilityGlobals) = postSolution
		SolutionGuid = {3B33C1DE-7C32-481A-A2AC-9AC3BF8479D1}
	EndGlobalSection
EndGlobal
